{
  "name": "project-auth-parent",
  "version": "1.0.0",
  "lockfileVersion": 1,
  "requires": true,
  "dependencies": {
    "@babel/compat-data": {
      "version": "7.12.13",
      "resolved": "https://registry.npmjs.org/@babel/compat-data/-/compat-data-7.12.13.tgz",
      "integrity": "sha512-U/hshG5R+SIoW7HVWIdmy1cB7s3ki+r3FpyEZiCgpi4tFgPnX/vynY80ZGSASOIrUM6O7VxOgCZgdt7h97bUGg=="
    },
    "@babel/helper-compilation-targets": {
      "version": "7.12.16",
      "resolved": "https://registry.npmjs.org/@babel/helper-compilation-targets/-/helper-compilation-targets-7.12.16.tgz",
      "integrity": "sha512-dBHNEEaZx7F3KoUYqagIhRIeqyyuI65xMndMZ3WwGwEBI609I4TleYQHcrS627vbKyNTXqShoN+fvYD9HuQxAg==",
      "requires": {
        "@babel/compat-data": "^7.12.13",
        "@babel/helper-validator-option": "^7.12.16",
        "browserslist": "^4.14.5",
        "semver": "^5.5.0"
      }
    },
    "@babel/helper-validator-option": {
      "version": "7.12.16",
      "resolved": "https://registry.npmjs.org/@babel/helper-validator-option/-/helper-validator-option-7.12.16.tgz",
      "integrity": "sha512-uCgsDBPUQDvzr11ePPo4TVEocxj8RXjUVSC/Y8N1YpVAI/XDdUwGJu78xmlGhTxj2ntaWM7n9LQdRtyhOzT2YQ=="
    },
    "@babel/runtime": {
      "version": "7.12.5",
      "resolved": "https://registry.npmjs.org/@babel/runtime/-/runtime-7.12.5.tgz",
      "integrity": "sha512-plcc+hbExy3McchJCEQG3knOsuh3HH+Prx1P6cLIkET/0dLuQDEnrT+s27Axgc9bqfsmNUNHfscgMUdBpC9xfg==",
      "requires": {
        "regenerator-runtime": "^0.13.4"
      }
    },
    "browserslist": {
      "version": "4.16.3",
      "resolved": "https://registry.npmjs.org/browserslist/-/browserslist-4.16.3.tgz",
      "integrity": "sha512-vIyhWmIkULaq04Gt93txdh+j02yX/JzlyhLYbV3YQCn/zvES3JnY7TifHHvvr1w5hTDluNKMkV05cs4vy8Q7sw==",
      "requires": {
        "caniuse-lite": "^1.0.30001181",
        "colorette": "^1.2.1",
        "electron-to-chromium": "^1.3.649",
        "escalade": "^3.1.1",
        "node-releases": "^1.1.70"
      }
    },
    "caniuse-lite": {
      "version": "1.0.30001187",
      "resolved": "https://registry.npmjs.org/caniuse-lite/-/caniuse-lite-1.0.30001187.tgz",
      "integrity": "sha512-w7/EP1JRZ9552CyrThUnay2RkZ1DXxKe/Q2swTC4+LElLh9RRYrL1Z+27LlakB8kzY0fSmHw9mc7XYDUKAKWMA=="
    },
    "colorette": {
      "version": "1.2.1",
      "resolved": "https://registry.npmjs.org/colorette/-/colorette-1.2.1.tgz",
      "integrity": "sha512-puCDz0CzydiSYOrnXpz/PKd69zRrribezjtE9yd4zvytoRc8+RY/KJPvtPFKZS3E3wP6neGyMe0vOTlHO5L3Pw=="
    },
    "electron-to-chromium": {
      "version": "1.3.667",
      "resolved": "https://registry.npmjs.org/electron-to-chromium/-/electron-to-chromium-1.3.667.tgz",
      "integrity": "sha512-Ot1pPtAVb5nd7jeVF651zmfLFilRVFomlDzwXmdlWe5jyzOGa6mVsQ06XnAurT7wWfg5VEIY+LopbAdD/bpo5w=="
    },
    "escalade": {
      "version": "3.1.1",
      "resolved": "https://registry.npmjs.org/escalade/-/escalade-3.1.1.tgz",
      "integrity": "sha512-k0er2gUkLf8O0zKJiAhmkTnJlTvINGv7ygDNPbeIsX/TJjGJZHuh9B2UxbsaEkmlEo9MfhrSzmhIlhRlI2GXnw=="
    },
    "hoist-non-react-statics": {
      "version": "3.3.2",
      "resolved": "https://registry.npmjs.org/hoist-non-react-statics/-/hoist-non-react-statics-3.3.2.tgz",
      "integrity": "sha512-/gGivxi8JPKWNm/W0jSmzcMPpfpPLc3dY/6GxhX2hQ9iGj3aDfklV4ET7NjKpSinLpJ5vafa9iiGIEZg10SfBw==",
      "requires": {
        "react-is": "^16.7.0"
      }
    },
    "js-tokens": {
      "version": "4.0.0",
      "resolved": "https://registry.npmjs.org/js-tokens/-/js-tokens-4.0.0.tgz",
      "integrity": "sha512-RdJUflcE3cUzKiMqQgsCu06FPu9UdIJO0beYbPhHN4k6apgJtifcoCtT9bcxOpYBtpD2kCM6Sbzg4CausW/PKQ=="
    },
    "loose-envify": {
      "version": "1.4.0",
      "resolved": "https://registry.npmjs.org/loose-envify/-/loose-envify-1.4.0.tgz",
      "integrity": "sha512-lyuxPGr/Wfhrlem2CL/UcnUc1zcqKAImBDzukY7Y5F/yQiNdko6+fRLevlw1HgMySw7f611UIY408EtxRSoK3Q==",
      "requires": {
        "js-tokens": "^3.0.0 || ^4.0.0"
      }
    },
    "node-releases": {
      "version": "1.1.70",
      "resolved": "https://registry.npmjs.org/node-releases/-/node-releases-1.1.70.tgz",
      "integrity": "sha512-Slf2s69+2/uAD79pVVQo8uSiC34+g8GWY8UH2Qtqv34ZfhYrxpYpfzs9Js9d6O0mbDmALuxaTlplnBTnSELcrw=="
    },
    "object-assign": {
      "version": "4.1.1",
      "resolved": "https://registry.npmjs.org/object-assign/-/object-assign-4.1.1.tgz",
      "integrity": "sha1-IQmtx5ZYh8/AXLvUQsrIv7s2CGM="
    },
    "prop-types": {
      "version": "15.7.2",
      "resolved": "https://registry.npmjs.org/prop-types/-/prop-types-15.7.2.tgz",
      "integrity": "sha512-8QQikdH7//R2vurIJSutZ1smHYTcLpRWEOlHnzcWHmBYrOGUysKwSsrC89BCiFj3CbrfJ/nXFdJepOVrY1GCHQ==",
      "requires": {
        "loose-envify": "^1.4.0",
        "object-assign": "^4.1.1",
        "react-is": "^16.8.1"
      }
    },
    "react-is": {
      "version": "16.13.1",
      "resolved": "https://registry.npmjs.org/react-is/-/react-is-16.13.1.tgz",
      "integrity": "sha512-24e6ynE2H+OKt4kqsOvNd8kBpV65zoxbA4BVsEOB3ARVWQki/DHzaUoC5KuON/BiccDaCCTZBuOcfZs70kR8bQ=="
    },
    "react-redux": {
      "version": "7.2.2",
      "resolved": "https://registry.npmjs.org/react-redux/-/react-redux-7.2.2.tgz",
      "integrity": "sha512-8+CQ1EvIVFkYL/vu6Olo7JFLWop1qRUeb46sGtIMDCSpgwPQq8fPLpirIB0iTqFe9XYEFPHssdX8/UwN6pAkEA==",
      "requires": {
        "@babel/runtime": "^7.12.1",
        "hoist-non-react-statics": "^3.3.2",
        "loose-envify": "^1.4.0",
        "prop-types": "^15.7.2",
        "react-is": "^16.13.1"
      }
    },
    "regenerator-runtime": {
      "version": "0.13.7",
      "resolved": "https://registry.npmjs.org/regenerator-runtime/-/regenerator-runtime-0.13.7.tgz",
      "integrity": "sha512-a54FxoJDIr27pgf7IgeQGxmqUNYrcV338lf/6gH456HZ/PhX+5BcwHXG9ajESmwe6WRO0tAzRUrRmNONWgkrew=="
    },
    "semver": {
      "version": "5.7.1",
      "resolved": "https://registry.npmjs.org/semver/-/semver-5.7.1.tgz",
      "integrity": "sha512-sauaDf/PZdVgrLTNYHRtpXa1iRiKcaebiKQ1BJdpQlWH2lCvexQdX55snPFyK7QzpudqbCI0qXFfOasHdyNDGQ=="
    }
  }
}
